
Microsoft Visual Studio Solution File, Format Version 12.00
# Visual Studio Version 17
VisualStudioVersion = 17.4.33205.214
MinimumVisualStudioVersion = 10.0.40219.1
Project("{FAE04EC0-301F-11D3-BF4B-00C04F79EFBC}") = "MyVillaAPI", "MyVillaAPI\MyVillaAPI.csproj", "{A36C83AA-DDF6-4A84-B049-CF6F6B78DFEE}"
EndProject
Global
	GlobalSection(SolutionConfigurationPlatforms) = preSolution
		Debug|Any CPU = Debug|Any CPU
		Release|Any CPU = Release|Any CPU
	EndGlobalSection
	GlobalSection(ProjectConfigurationPlatforms) = postSolution
		{A36C83AA-DDF6-4A84-B049-CF6F6B78DFEE}.Debug|Any CPU.ActiveCfg = Debug|Any CPU
		{A36C83AA-DDF6-4A84-B049-CF6F6B78DFEE}.Debug|Any CPU.Build.0 = Debug|Any CPU
		{A36C83AA-DDF6-4A84-B049-CF6F6B78DFEE}.Release|Any CPU.ActiveCfg = Release|Any CPU
		{A36C83AA-DDF6-4A84-B049-CF6F6B78DFEE}.Release|Any CPU.Build.0 = Release|Any CPU
	EndGlobalSection
	GlobalSection(SolutionProperties) = preSolution
		HideSolutionNode = FALSE
	EndGlobalSection
	GlobalSection(ExtensibilityGlobals) = postSolution
		SolutionGuid = {B8BBA777-EF83-4D67-89EF-46EDD8DB4081}
	EndGlobalSection
EndGlobal
